
Microsoft Visual Studio Solution File, Format Version 12.00
# Visual Studio Version 16
VisualStudioVersion = 16.0.30002.166
MinimumVisualStudioVersion = 10.0.40219.1
Project("{FAE04EC0-301F-11D3-BF4B-00C04F79EFBC}") = "ApiBase.Repository", "ApiBase.Repository\ApiBase.Repository.csproj", "{88852240-6873-481F-A1B0-4221C6E01B73}"
EndProject
Project("{FAE04EC0-301F-11D3-BF4B-00C04F79EFBC}") = "ApiBase.Api", "ApiBase.Api\ApiBase.Api.csproj", "{D94E2FE3-1E31-4781-A777-60E7E251D323}"
EndProject
Project("{FAE04EC0-301F-11D3-BF4B-00C04F79EFBC}") = "ApiBase.Service", "ApiBase.Service\ApiBase.Service.csproj", "{091F0C59-932F-43E4-90F6-4AC8068F13A9}"
EndProject
Global
	GlobalSection(SolutionConfigurationPlatforms) = preSolution
		Debug|Any CPU = Debug|Any CPU
		Release|Any CPU = Release|Any CPU
	EndGlobalSection
	GlobalSection(ProjectConfigurationPlatforms) = postSolution
		{88852240-6873-481F-A1B0-4221C6E01B73}.Debug|Any CPU.ActiveCfg = Debug|Any CPU
		{88852240-6873-481F-A1B0-4221C6E01B73}.Debug|Any CPU.Build.0 = Debug|Any CPU
		{88852240-6873-481F-A1B0-4221C6E01B73}.Release|Any CPU.ActiveCfg = Release|Any CPU
		{88852240-6873-481F-A1B0-4221C6E01B73}.Release|Any CPU.Build.0 = Release|Any CPU
		{D94E2FE3-1E31-4781-A777-60E7E251D323}.Debug|Any CPU.ActiveCfg = Debug|Any CPU
		{D94E2FE3-1E31-4781-A777-60E7E251D323}.Debug|Any CPU.Build.0 = Debug|Any CPU
		{D94E2FE3-1E31-4781-A777-60E7E251D323}.Release|Any CPU.ActiveCfg = Release|Any CPU
		{D94E2FE3-1E31-4781-A777-60E7E251D323}.Release|Any CPU.Build.0 = Release|Any CPU
		{091F0C59-932F-43E4-90F6-4AC8068F13A9}.Debug|Any CPU.ActiveCfg = Debug|Any CPU
		{091F0C59-932F-43E4-90F6-4AC8068F13A9}.Debug|Any CPU.Build.0 = Debug|Any CPU
		{091F0C59-932F-43E4-90F6-4AC8068F13A9}.Release|Any CPU.ActiveCfg = Release|Any CPU
		{091F0C59-932F-43E4-90F6-4AC8068F13A9}.Release|Any CPU.Build.0 = Release|Any CPU
	EndGlobalSection
	GlobalSection(SolutionProperties) = preSolution
		HideSolutionNode = FALSE
	EndGlobalSection
	GlobalSection(ExtensibilityGlobals) = postSolution
		SolutionGuid = {ED017818-5A5E-4E1F-B49B-EC92E7448861}
	EndGlobalSection
EndGlobal
